github.com/t3h2mas/advent-2020 v0.0.0-20201209221609-9660eb3a3e48 h1:Xpjix0/mApfNF1h7tqLPcbgEx53VRN9YWLj9nmSrowc=
github.com/t3h2mas/advent-2020/input v0.0.0-20201209221609-9660eb3a3e48 h1:FVlmEXaWk9fEuAJlMdlXtEdtIWqMwLVOByP8IQtxEm4=
github.com/t3h2mas/advent-2020/input v0.0.0-20201209221609-9660eb3a3e48/go.mod h1:8wM/GbMtNqqS2IH3spyrd9g+trlDzb64rcg06dISgUc=
