github.com/t3h2mas/advent-2020 v0.0.0-20201202153806-21fba790293d h1:wH60yI4wt0DuZ21U3nic86MP9FNJG2NCmH+XKxGPdl8=
github.com/t3h2mas/advent-2020/input v0.0.0-20201201183059-6a7d654dd89d h1:2VfmMDv1CaJwp4STKTWbzyWSZLqjdZDaYl7ayCEfvG8=
github.com/t3h2mas/advent-2020/input v0.0.0-20201201183059-6a7d654dd89d/go.mod h1:8wM/GbMtNqqS2IH3spyrd9g+trlDzb64rcg06dISgUc=
github.com/t3h2mas/advent-2020/input v0.0.0-20201202153806-21fba790293d h1:eWvLFAOjrJXbQZmn+Noo1PO+3D847VNEbk4rdimXcQU=
github.com/t3h2mas/advent-2020/input v0.0.0-20201202153806-21fba790293d/go.mod h1:8wM/GbMtNqqS2IH3spyrd9g+trlDzb64rcg06dISgUc=
