github.com/t3h2mas/advent-2020 v0.0.0-20201202164343-7be4559732fd h1:sduTh5JlPHaAZQp9JlrQ/s168TsZHrVOjCXm/enZacA=
github.com/t3h2mas/advent-2020/input v0.0.0-20201202164343-7be4559732fd h1:sJ2IsCSiYqAnSUZgZbvmbjbbipIIrhl+nv9Ogd05Jjs=
github.com/t3h2mas/advent-2020/input v0.0.0-20201202164343-7be4559732fd/go.mod h1:8wM/GbMtNqqS2IH3spyrd9g+trlDzb64rcg06dISgUc=
