github.com/t3h2mas/advent-2020 v0.0.0-20201221163754-ac1e796a9ee6 h1:KWqQyKQOWHe2/fV/Cxkm2cXGAp0/HHzaaGmtlzWHa1s=
github.com/t3h2mas/advent-2020/input v0.0.0-20201221163754-ac1e796a9ee6 h1:AAer/f0Td4OcnOgDCYbi8917AlOrFcoLgHbbb8FuKTg=
github.com/t3h2mas/advent-2020/input v0.0.0-20201221163754-ac1e796a9ee6/go.mod h1:8wM/GbMtNqqS2IH3spyrd9g+trlDzb64rcg06dISgUc=
github.com/t3h2mas/advent-2020/types v0.0.0-20201222002904-7147773bba1b h1:KHZ7HIs8McJ/92WxH44JDrLmW8hSAcc/J4CfAMJSOjg=
github.com/t3h2mas/advent-2020/types v0.0.0-20201222002904-7147773bba1b/go.mod h1:cTZnUj59R0SzBmFo2+8Al5oGg2olATBusxd12IlGsGU=
