github.com/t3h2mas/advent-2020 v0.0.0-20201204172437-2aa03c8b6a90 h1:EbW7fTdY9ilfdz8l1gbx/RIRvbmu2a9MS/rhJbYDfzI=
github.com/t3h2mas/advent-2020/input v0.0.0-20201204172437-2aa03c8b6a90 h1:GluRIYKL9EuyFC0qtpSWxqbZpUbwvWB+BJfDQuOl6Hk=
github.com/t3h2mas/advent-2020/input v0.0.0-20201204172437-2aa03c8b6a90/go.mod h1:8wM/GbMtNqqS2IH3spyrd9g+trlDzb64rcg06dISgUc=
