github.com/t3h2mas/advent-2020 v0.0.0-20201214221140-752580b2f2bd h1:reuvk1caajCrjiryEgHA353KMHEH2F94tl1PdSKSMFw=
github.com/t3h2mas/advent-2020/input v0.0.0-20201214221140-752580b2f2bd h1:tMk8fXdrphSWTJXzeCFhbE0nYDzd1OP430v1F4YS/Co=
github.com/t3h2mas/advent-2020/input v0.0.0-20201214221140-752580b2f2bd/go.mod h1:8wM/GbMtNqqS2IH3spyrd9g+trlDzb64rcg06dISgUc=
