github.com/t3h2mas/advent-2020 v0.0.0-20201203161927-5703cb08028c h1:KKO3AwZr6on3w5bZ9CNBQQAua3mO2SVl6I8k6tzeZqg=
github.com/t3h2mas/advent-2020/input v0.0.0-20201203161927-5703cb08028c h1:rQos89T7imraJ+hW7BfuTH1SpgUc30Fg5eVMg98SdV8=
github.com/t3h2mas/advent-2020/input v0.0.0-20201203161927-5703cb08028c/go.mod h1:8wM/GbMtNqqS2IH3spyrd9g+trlDzb64rcg06dISgUc=
github.com/t3h2mas/advent-2020/input v0.0.0-20201204155304-bf79cf5e88e8 h1:xPKIyLu8cfeSFde5UAg3VQK2+bIWFtyTrghPBzZyAPM=
github.com/t3h2mas/advent-2020/input v0.0.0-20201204155304-bf79cf5e88e8/go.mod h1:8wM/GbMtNqqS2IH3spyrd9g+trlDzb64rcg06dISgUc=
