github.com/t3h2mas/advent-2020 v0.0.0-20201208170250-715597e4d7ba h1:acaKrZLsgh+6blmdy/rCKfUB4nkQPQvXDN3q9uHdhts=
github.com/t3h2mas/advent-2020/input v0.0.0-20201208170250-715597e4d7ba h1:3j26ilPqfi9swblG4oACNhDaXrjNy6UHj8bkUxfw8Gk=
github.com/t3h2mas/advent-2020/input v0.0.0-20201208170250-715597e4d7ba/go.mod h1:8wM/GbMtNqqS2IH3spyrd9g+trlDzb64rcg06dISgUc=
