github.com/t3h2mas/advent-2020 v0.0.0-20201209183747-ab32be14a5a2 h1:otNwXPkOn1Ed35ANJkKH9uC5SCQQiNwIWIicky9HfB4=
github.com/t3h2mas/advent-2020/input v0.0.0-20201209183747-ab32be14a5a2 h1:U6c69zRct7lc6Mw1OW8vdzmVK/hlG+iMLRACzCdwu70=
github.com/t3h2mas/advent-2020/input v0.0.0-20201209183747-ab32be14a5a2/go.mod h1:8wM/GbMtNqqS2IH3spyrd9g+trlDzb64rcg06dISgUc=
