github.com/t3h2mas/advent-2020 v0.0.0-20201211175108-5766accfdbc8 h1:CqQ8dLTWGYXjLePQocGeg1a99d0mAf1VZg1P/g8SGIk=
github.com/t3h2mas/advent-2020/input v0.0.0-20201211175108-5766accfdbc8 h1:VkYD4gSFMBxrH9+aYXXKzapSSeRjzqgPibDAtIjLpLY=
github.com/t3h2mas/advent-2020/input v0.0.0-20201211175108-5766accfdbc8/go.mod h1:8wM/GbMtNqqS2IH3spyrd9g+trlDzb64rcg06dISgUc=
