github.com/t3h2mas/advent-2020 v0.0.0-20201222002904-7147773bba1b h1:bsHWw/xvsOU2fF891BIbUqPHrdzAKeGPNq3v60/c7mE=
github.com/t3h2mas/advent-2020/input v0.0.0-20201222002904-7147773bba1b h1:eXxHOuVmuEgpkVbeBnT9OOCquIH+n8KZzc2GJ7lkEPs=
github.com/t3h2mas/advent-2020/input v0.0.0-20201222002904-7147773bba1b/go.mod h1:8wM/GbMtNqqS2IH3spyrd9g+trlDzb64rcg06dISgUc=
github.com/t3h2mas/advent-2020/types v0.0.0-20201222002904-7147773bba1b h1:KHZ7HIs8McJ/92WxH44JDrLmW8hSAcc/J4CfAMJSOjg=
github.com/t3h2mas/advent-2020/types v0.0.0-20201222002904-7147773bba1b/go.mod h1:cTZnUj59R0SzBmFo2+8Al5oGg2olATBusxd12IlGsGU=
